<?xml version="1.0" encoding="utf-8"?>
<Project ToolsVersion="4.0" xmlns="http://schemas.microsoft.com/developer/msbuild/2003">
  <ItemGroup>
    <Filter Include="Source Files">
      <UniqueIdentifier>{9a644553-2f3a-4d55-bf5a-4a655ea7a820}</UniqueIdentifier>
      <Extensions>cpp;c;cxx;rc;def;r;odl;idl;hpj;bat</Extensions>
    </Filter>
    <Filter Include="Header Files">
      <UniqueIdentifier>{017aea21-83a5-4997-8b2e-3ff89bbe7e04}</UniqueIdentifier>
      <Extensions>h;hpp;hxx;hm;inl</Extensions>
    </Filter>
    <Filter Include="Resource Files">
      <UniqueIdentifier>{c076d8ef-9efd-4e04-bd82-03bdd2a406a7}</UniqueIdentifier>
      <Extensions>ico;cur;bmp;dlg;rc2;rct;bin;rgs;gif;jpg;jpeg;jpe</Extensions>
    </Filter>
  </ItemGroup>
  <ItemGroup>
    <ClCompile Include="CFolderTreeCtrl.cpp">
      <Filter>Source Files</Filter>
    </ClCompile>
    <ClCompile Include="CopyFile.cpp">
      <Filter>Source Files</Filter>
    </ClCompile>
    <ClCompile Include="FileDialogST.cpp">
      <Filter>Source Files</Filter>
    </ClCompile>
    <ClCompile Include="GetDirName.cpp">
      <Filter>Source Files</Filter>
    </ClCompile>
    <ClCompile Include="KCBusyProgressCtrl.cpp">
      <Filter>Source Files</Filter>
    </ClCompile>
    <ClCompile Include="..\..\common\work\label.cpp">
      <Filter>Source Files</Filter>
    </ClCompile>
    <ClCompile Include="LogDlg.cpp">
      <Filter>Source Files</Filter>
    </ClCompile>
    <ClCompile Include="LogWin.cpp">
      <Filter>Source Files</Filter>
    </ClCompile>
    <ClCompile Include="..\..\common\work\misc.cpp">
      <Filter>Source Files</Filter>
    </ClCompile>
    <ClCompile Include="..\..\common\work\multimon.cpp">
      <Filter>Source Files</Filter>
    </ClCompile>
    <ClCompile Include="..\..\common\work\mxpad.cpp">
      <Filter>Source Files</Filter>
    </ClCompile>
    <ClCompile Include="PausDlg.cpp">
      <Filter>Source Files</Filter>
    </ClCompile>
    <ClCompile Include="..\..\common\work\Popup.cpp">
      <Filter>Source Files</Filter>
    </ClCompile>
    <ClCompile Include="StdAfx.cpp">
      <Filter>Source Files</Filter>
    </ClCompile>
    <ClCompile Include="..\..\common\work\Support.cpp">
      <Filter>Source Files</Filter>
    </ClCompile>
    <ClCompile Include="timedim.cpp">
      <Filter>Source Files</Filter>
    </ClCompile>
    <ClCompile Include="timedimDlg.cpp">
      <Filter>Source Files</Filter>
    </ClCompile>
    <ClCompile Include="usbdrive.cpp">
      <Filter>Source Files</Filter>
    </ClCompile>
    <ClCompile Include="xButton.cpp">
      <Filter>Source Files</Filter>
    </ClCompile>
  </ItemGroup>
  <ItemGroup>
    <ResourceCompile Include="timedim.rc">
      <Filter>Source Files</Filter>
    </ResourceCompile>
  </ItemGroup>
  <ItemGroup>
    <ClInclude Include="CFolderTreeCtrl.h">
      <Filter>Header Files</Filter>
    </ClInclude>
    <ClInclude Include="CopyFile.h">
      <Filter>Header Files</Filter>
    </ClInclude>
    <ClInclude Include="FileDialogST.h">
      <Filter>Header Files</Filter>
    </ClInclude>
    <ClInclude Include="GetDirName.h">
      <Filter>Header Files</Filter>
    </ClInclude>
    <ClInclude Include="KCBusyProgressCtrl.h">
      <Filter>Header Files</Filter>
    </ClInclude>
    <ClInclude Include="..\..\common\work\label.h">
      <Filter>Header Files</Filter>
    </ClInclude>
    <ClInclude Include="LogDlg.h">
      <Filter>Header Files</Filter>
    </ClInclude>
    <ClInclude Include="LogWin.h">
      <Filter>Header Files</Filter>
    </ClInclude>
    <ClInclude Include="..\..\common\work\misc.h">
      <Filter>Header Files</Filter>
    </ClInclude>
    <ClInclude Include="..\..\common\work\multimon.h">
      <Filter>Header Files</Filter>
    </ClInclude>
    <ClInclude Include="..\..\common\work\mxpad.h">
      <Filter>Header Files</Filter>
    </ClInclude>
    <ClInclude Include="PausDlg.h">
      <Filter>Header Files</Filter>
    </ClInclude>
    <ClInclude Include="..\..\common\work\Popup.h">
      <Filter>Header Files</Filter>
    </ClInclude>
    <ClInclude Include="StdAfx.h">
      <Filter>Header Files</Filter>
    </ClInclude>
    <ClInclude Include="..\..\common\work\Support.h">
      <Filter>Header Files</Filter>
    </ClInclude>
    <ClInclude Include="timedim.h">
      <Filter>Header Files</Filter>
    </ClInclude>
    <ClInclude Include="timedimDlg.h">
      <Filter>Header Files</Filter>
    </ClInclude>
    <ClInclude Include="usbdrive.h">
      <Filter>Header Files</Filter>
    </ClInclude>
    <ClInclude Include="xButton.h">
      <Filter>Header Files</Filter>
    </ClInclude>
  </ItemGroup>
  <ItemGroup>
    <Image Include="res\about.bmp">
      <Filter>Resource Files</Filter>
    </Image>
    <Image Include="res\bitmap6.bmp">
      <Filter>Resource Files</Filter>
    </Image>
    <Image Include="res\brushed.bmp">
      <Filter>Resource Files</Filter>
    </Image>
    <Image Include="res\brushed2.bmp">
      <Filter>Resource Files</Filter>
    </Image>
    <Image Include="res\brushed3.bmp">
      <Filter>Resource Files</Filter>
    </Image>
    <Image Include="res\ico00001.ico">
      <Filter>Resource Files</Filter>
    </Image>
    <Image Include="res\ico00002.ico">
      <Filter>Resource Files</Filter>
    </Image>
    <Image Include="res\ico00003.ico">
      <Filter>Resource Files</Filter>
    </Image>
    <Image Include="res\ico00004.ico">
      <Filter>Resource Files</Filter>
    </Image>
    <Image Include="res\ico00005.ico">
      <Filter>Resource Files</Filter>
    </Image>
    <Image Include="res\ico00006.ico">
      <Filter>Resource Files</Filter>
    </Image>
    <Image Include="res\ico00007.ico">
      <Filter>Resource Files</Filter>
    </Image>
    <Image Include="res\ico00008.ico">
      <Filter>Resource Files</Filter>
    </Image>
    <Image Include="res\ico00009.ico">
      <Filter>Resource Files</Filter>
    </Image>
    <Image Include="res\icon1.ico">
      <Filter>Resource Files</Filter>
    </Image>
    <Image Include="res\icon2.ico">
      <Filter>Resource Files</Filter>
    </Image>
    <Image Include="res\icon3.ico">
      <Filter>Resource Files</Filter>
    </Image>
    <Image Include="images\new-1.bmp">
      <Filter>Resource Files</Filter>
    </Image>
    <Image Include="images\new-2.bmp">
      <Filter>Resource Files</Filter>
    </Image>
    <Image Include="res\pcb2.bmp">
      <Filter>Resource Files</Filter>
    </Image>
    <Image Include="res\pcb3.bmp">
      <Filter>Resource Files</Filter>
    </Image>
    <Image Include="res\pcb4.bmp">
      <Filter>Resource Files</Filter>
    </Image>
    <Image Include="res\timedim.ico">
      <Filter>Resource Files</Filter>
    </Image>
  </ItemGroup>
  <ItemGroup>
    <Text Include="ReadMe.txt" />
  </ItemGroup>
  <ItemGroup>
    <CustomBuild Include="hlp\timedim.hpj">
      <Filter>Source Files</Filter>
    </CustomBuild>
    <CustomBuild Include="Resource.h">
      <Filter>Header Files</Filter>
    </CustomBuild>
    <CustomBuild Include="res\timedim.rc2">
      <Filter>Resource Files</Filter>
    </CustomBuild>
  </ItemGroup>
</Project>